
Microsoft Visual Studio Solution File, Format Version 12.00
# Visual Studio Version 17
VisualStudioVersion = 17.2.32602.215
MinimumVisualStudioVersion = 10.0.40219.1
Project("{8BC9CEB8-8B4A-11D0-8D11-00A0C91BC942}") = "CS 300 Project", "CS 300 Project\CS 300 Project.vcxproj", "{AC79EE83-A1C6-4C58-87CB-2B8E6A352DE3}"
EndProject
Global
	GlobalSection(SolutionConfigurationPlatforms) = preSolution
		Debug|x64 = Debug|x64
		Debug|x86 = Debug|x86
		Release|x64 = Release|x64
		Release|x86 = Release|x86
	EndGlobalSection
	GlobalSection(ProjectConfigurationPlatforms) = postSolution
		{AC79EE83-A1C6-4C58-87CB-2B8E6A352DE3}.Debug|x64.ActiveCfg = Debug|x64
		{AC79EE83-A1C6-4C58-87CB-2B8E6A352DE3}.Debug|x64.Build.0 = Debug|x64
		{AC79EE83-A1C6-4C58-87CB-2B8E6A352DE3}.Debug|x86.ActiveCfg = Debug|Win32
		{AC79EE83-A1C6-4C58-87CB-2B8E6A352DE3}.Debug|x86.Build.0 = Debug|Win32
		{AC79EE83-A1C6-4C58-87CB-2B8E6A352DE3}.Release|x64.ActiveCfg = Release|x64
		{AC79EE83-A1C6-4C58-87CB-2B8E6A352DE3}.Release|x64.Build.0 = Release|x64
		{AC79EE83-A1C6-4C58-87CB-2B8E6A352DE3}.Release|x86.ActiveCfg = Release|Win32
		{AC79EE83-A1C6-4C58-87CB-2B8E6A352DE3}.Release|x86.Build.0 = Release|Win32
	EndGlobalSection
	GlobalSection(SolutionProperties) = preSolution
		HideSolutionNode = FALSE
	EndGlobalSection
	GlobalSection(ExtensibilityGlobals) = postSolution
		SolutionGuid = {BD2C1E20-C593-4879-8BFD-2AB7ACEE7771}
	EndGlobalSection
EndGlobal
